
Microsoft Visual Studio Solution File, Format Version 12.00
# Visual Studio Version 17
VisualStudioVersion = 17.14.36327.8 d17.14
MinimumVisualStudioVersion = 10.0.40219.1
Project("{FAE04EC0-301F-11D3-BF4B-00C04F79EFBC}") = "Q1", "Q1\Q1.csproj", "{A9BA3653-2DA2-4942-91B1-00B547247CB5}"
EndProject
Global
	GlobalSection(SolutionConfigurationPlatforms) = preSolution
		Debug|Any CPU = Debug|Any CPU
		Release|Any CPU = Release|Any CPU
	EndGlobalSection
	GlobalSection(ProjectConfigurationPlatforms) = postSolution
		{A9BA3653-2DA2-4942-91B1-00B547247CB5}.Debug|Any CPU.ActiveCfg = Debug|Any CPU
		{A9BA3653-2DA2-4942-91B1-00B547247CB5}.Debug|Any CPU.Build.0 = Debug|Any CPU
		{A9BA3653-2DA2-4942-91B1-00B547247CB5}.Release|Any CPU.ActiveCfg = Release|Any CPU
		{A9BA3653-2DA2-4942-91B1-00B547247CB5}.Release|Any CPU.Build.0 = Release|Any CPU
	EndGlobalSection
	GlobalSection(SolutionProperties) = preSolution
		HideSolutionNode = FALSE
	EndGlobalSection
	GlobalSection(ExtensibilityGlobals) = postSolution
		SolutionGuid = {F84F91F8-4592-4C9E-BEB8-DB19B1467DC6}
	EndGlobalSection
EndGlobal
