
Microsoft Visual Studio Solution File, Format Version 12.00
# Visual Studio Version 17
VisualStudioVersion = 17.14.36327.8 d17.14
MinimumVisualStudioVersion = 10.0.40219.1
Project("{FAE04EC0-301F-11D3-BF4B-00C04F79EFBC}") = "Payment", "Payment\Payment.csproj", "{569978FF-25DE-481E-909A-373E3431D7A5}"
EndProject
Global
	GlobalSection(SolutionConfigurationPlatforms) = preSolution
		Debug|Any CPU = Debug|Any CPU
		Release|Any CPU = Release|Any CPU
	EndGlobalSection
	GlobalSection(ProjectConfigurationPlatforms) = postSolution
		{569978FF-25DE-481E-909A-373E3431D7A5}.Debug|Any CPU.ActiveCfg = Debug|Any CPU
		{569978FF-25DE-481E-909A-373E3431D7A5}.Debug|Any CPU.Build.0 = Debug|Any CPU
		{569978FF-25DE-481E-909A-373E3431D7A5}.Release|Any CPU.ActiveCfg = Release|Any CPU
		{569978FF-25DE-481E-909A-373E3431D7A5}.Release|Any CPU.Build.0 = Release|Any CPU
	EndGlobalSection
	GlobalSection(SolutionProperties) = preSolution
		HideSolutionNode = FALSE
	EndGlobalSection
	GlobalSection(ExtensibilityGlobals) = postSolution
		SolutionGuid = {99A24A94-1101-42EC-A5FE-9E7B52F43C90}
	EndGlobalSection
EndGlobal
