
Microsoft Visual Studio Solution File, Format Version 12.00
# Visual Studio Version 17
VisualStudioVersion = 17.14.36327.8 d17.14
MinimumVisualStudioVersion = 10.0.40219.1
Project("{FAE04EC0-301F-11D3-BF4B-00C04F79EFBC}") = "SealedClassMethod", "SealedClassMethod\SealedClassMethod.csproj", "{CA5D5B35-C9F6-4C26-8630-16917F98D50E}"
EndProject
Global
	GlobalSection(SolutionConfigurationPlatforms) = preSolution
		Debug|Any CPU = Debug|Any CPU
		Release|Any CPU = Release|Any CPU
	EndGlobalSection
	GlobalSection(ProjectConfigurationPlatforms) = postSolution
		{CA5D5B35-C9F6-4C26-8630-16917F98D50E}.Debug|Any CPU.ActiveCfg = Debug|Any CPU
		{CA5D5B35-C9F6-4C26-8630-16917F98D50E}.Debug|Any CPU.Build.0 = Debug|Any CPU
		{CA5D5B35-C9F6-4C26-8630-16917F98D50E}.Release|Any CPU.ActiveCfg = Release|Any CPU
		{CA5D5B35-C9F6-4C26-8630-16917F98D50E}.Release|Any CPU.Build.0 = Release|Any CPU
	EndGlobalSection
	GlobalSection(SolutionProperties) = preSolution
		HideSolutionNode = FALSE
	EndGlobalSection
	GlobalSection(ExtensibilityGlobals) = postSolution
		SolutionGuid = {70C2AD96-5165-480E-A9D9-85DC215D395D}
	EndGlobalSection
EndGlobal
