
Microsoft Visual Studio Solution File, Format Version 12.00
# Visual Studio Version 17
VisualStudioVersion = 17.14.36327.8
MinimumVisualStudioVersion = 10.0.40219.1
Project("{FAE04EC0-301F-11D3-BF4B-00C04F79EFBC}") = "ConsoleApp1", "ConsoleApp1\ConsoleApp1.csproj", "{21FB07AD-F412-457B-9ADF-396820BAA67E}"
EndProject
Project("{FAE04EC0-301F-11D3-BF4B-00C04F79EFBC}") = "ClassLibrary1", "ClassLibrary1\ClassLibrary1.csproj", "{814882EC-42FD-40E2-AA0E-A2268A5CEA6F}"
EndProject
Global
	GlobalSection(SolutionConfigurationPlatforms) = preSolution
		Debug|Any CPU = Debug|Any CPU
		Release|Any CPU = Release|Any CPU
	EndGlobalSection
	GlobalSection(ProjectConfigurationPlatforms) = postSolution
		{21FB07AD-F412-457B-9ADF-396820BAA67E}.Debug|Any CPU.ActiveCfg = Debug|Any CPU
		{21FB07AD-F412-457B-9ADF-396820BAA67E}.Debug|Any CPU.Build.0 = Debug|Any CPU
		{21FB07AD-F412-457B-9ADF-396820BAA67E}.Release|Any CPU.ActiveCfg = Release|Any CPU
		{21FB07AD-F412-457B-9ADF-396820BAA67E}.Release|Any CPU.Build.0 = Release|Any CPU
		{814882EC-42FD-40E2-AA0E-A2268A5CEA6F}.Debug|Any CPU.ActiveCfg = Debug|Any CPU
		{814882EC-42FD-40E2-AA0E-A2268A5CEA6F}.Debug|Any CPU.Build.0 = Debug|Any CPU
		{814882EC-42FD-40E2-AA0E-A2268A5CEA6F}.Release|Any CPU.ActiveCfg = Release|Any CPU
		{814882EC-42FD-40E2-AA0E-A2268A5CEA6F}.Release|Any CPU.Build.0 = Release|Any CPU
	EndGlobalSection
	GlobalSection(SolutionProperties) = preSolution
		HideSolutionNode = FALSE
	EndGlobalSection
	GlobalSection(ExtensibilityGlobals) = postSolution
		SolutionGuid = {F935C83A-70CD-4A01-8112-995E662D9AA2}
	EndGlobalSection
EndGlobal
